Microsoft Visual Studio Solution File, Format Version 12.00
# Visual Studio Version 17
VisualStudioVersion = 17.5.2.0
MinimumVisualStudioVersion = 10.0.40219.1
Project("{FAE04EC0-301F-11D3-BF4B-00C04F79EFBC}") = "immfApi", "immfApi.csproj", "{7C5EEFBD-BB9B-6392-12BB-C29590129FE1}"
EndProject
Global
	GlobalSection(SolutionConfigurationPlatforms) = preSolution
		Debug|Any CPU = Debug|Any CPU
		Release|Any CPU = Release|Any CPU
	EndGlobalSection
	GlobalSection(ProjectConfigurationPlatforms) = postSolution
		{7C5EEFBD-BB9B-6392-12BB-C29590129FE1}.Debug|Any CPU.ActiveCfg = Debug|Any CPU
		{7C5EEFBD-BB9B-6392-12BB-C29590129FE1}.Debug|Any CPU.Build.0 = Debug|Any CPU
		{7C5EEFBD-BB9B-6392-12BB-C29590129FE1}.Release|Any CPU.ActiveCfg = Release|Any CPU
		{7C5EEFBD-BB9B-6392-12BB-C29590129FE1}.Release|Any CPU.Build.0 = Release|Any CPU
	EndGlobalSection
	GlobalSection(SolutionProperties) = preSolution
		HideSolutionNode = FALSE
	EndGlobalSection
	GlobalSection(ExtensibilityGlobals) = postSolution
		SolutionGuid = {310C9960-B7DD-4F25-BA56-A47B0EFADB92}
	EndGlobalSection
EndGlobal
